
Microsoft Visual Studio Solution File, Format Version 12.00
# Visual Studio Version 17
VisualStudioVersion = 17.5.33530.505
MinimumVisualStudioVersion = 10.0.40219.1
Project("{FAE04EC0-301F-11D3-BF4B-00C04F79EFBC}") = "SumMatrices", "SumMatrices\SumMatrices.csproj", "{1A02DE4B-5D02-43FC-9092-14888A27BF7C}"
EndProject
Global
	GlobalSection(SolutionConfigurationPlatforms) = preSolution
		Debug|Any CPU = Debug|Any CPU
		Release|Any CPU = Release|Any CPU
	EndGlobalSection
	GlobalSection(ProjectConfigurationPlatforms) = postSolution
		{1A02DE4B-5D02-43FC-9092-14888A27BF7C}.Debug|Any CPU.ActiveCfg = Debug|Any CPU
		{1A02DE4B-5D02-43FC-9092-14888A27BF7C}.Debug|Any CPU.Build.0 = Debug|Any CPU
		{1A02DE4B-5D02-43FC-9092-14888A27BF7C}.Release|Any CPU.ActiveCfg = Release|Any CPU
		{1A02DE4B-5D02-43FC-9092-14888A27BF7C}.Release|Any CPU.Build.0 = Release|Any CPU
	EndGlobalSection
	GlobalSection(SolutionProperties) = preSolution
		HideSolutionNode = FALSE
	EndGlobalSection
	GlobalSection(ExtensibilityGlobals) = postSolution
		SolutionGuid = {7765FC41-720A-476E-A221-36E1482AF5B3}
	EndGlobalSection
EndGlobal
