
Microsoft Visual Studio Solution File, Format Version 12.00
# Visual Studio Version 16
VisualStudioVersion = 25.0.1705.4
MinimumVisualStudioVersion = 10.0.40219.1
Project("{FAE04EC0-301F-11D3-BF4B-00C04F79EFBC}") = "BizzFuzz", "BizzFuzz.csproj", "{4B70E914-2D17-406A-AC34-381AA6171AF0}"
EndProject
Global
	GlobalSection(SolutionConfigurationPlatforms) = preSolution
		Debug|Any CPU = Debug|Any CPU
		Release|Any CPU = Release|Any CPU
	EndGlobalSection
	GlobalSection(ProjectConfigurationPlatforms) = postSolution
		{4B70E914-2D17-406A-AC34-381AA6171AF0}.Debug|Any CPU.ActiveCfg = Debug|Any CPU
		{4B70E914-2D17-406A-AC34-381AA6171AF0}.Debug|Any CPU.Build.0 = Debug|Any CPU
		{4B70E914-2D17-406A-AC34-381AA6171AF0}.Release|Any CPU.ActiveCfg = Release|Any CPU
		{4B70E914-2D17-406A-AC34-381AA6171AF0}.Release|Any CPU.Build.0 = Release|Any CPU
	EndGlobalSection
	GlobalSection(SolutionProperties) = preSolution
		HideSolutionNode = FALSE
	EndGlobalSection
	GlobalSection(ExtensibilityGlobals) = postSolution
		SolutionGuid = {8F040596-F12A-4CE7-8B10-69E6A1D843D0}
	EndGlobalSection
EndGlobal
